
Microsoft Visual Studio Solution File, Format Version 12.00
# Visual Studio Version 17
VisualStudioVersion = 17.2.32630.192
MinimumVisualStudioVersion = 10.0.40219.1
Project("{FAE04EC0-301F-11D3-BF4B-00C04F79EFBC}") = "Tic-Tac-Two Final", "Tic-Tac-Two Final\Tic-Tac-Two Final.csproj", "{71E8C628-4CA4-44A8-AE4E-6A9C8C2F2F6A}"
EndProject
Global
	GlobalSection(SolutionConfigurationPlatforms) = preSolution
		Debug|Any CPU = Debug|Any CPU
		Release|Any CPU = Release|Any CPU
	EndGlobalSection
	GlobalSection(ProjectConfigurationPlatforms) = postSolution
		{71E8C628-4CA4-44A8-AE4E-6A9C8C2F2F6A}.Debug|Any CPU.ActiveCfg = Debug|Any CPU
		{71E8C628-4CA4-44A8-AE4E-6A9C8C2F2F6A}.Debug|Any CPU.Build.0 = Debug|Any CPU
		{71E8C628-4CA4-44A8-AE4E-6A9C8C2F2F6A}.Release|Any CPU.ActiveCfg = Release|Any CPU
		{71E8C628-4CA4-44A8-AE4E-6A9C8C2F2F6A}.Release|Any CPU.Build.0 = Release|Any CPU
	EndGlobalSection
	GlobalSection(SolutionProperties) = preSolution
		HideSolutionNode = FALSE
	EndGlobalSection
	GlobalSection(ExtensibilityGlobals) = postSolution
		SolutionGuid = {088E032D-C8F0-463D-9C80-AE8F3AA77A76}
	EndGlobalSection
EndGlobal
